
Microsoft Visual Studio Solution File, Format Version 12.00
# Visual Studio Version 16
VisualStudioVersion = 16.0.31005.135
MinimumVisualStudioVersion = 10.0.40219.1
Project("{9A19103F-16F7-4668-BE54-9A1E7A4F7556}") = "np-se-assign", "np-se-assign.csproj", "{792D9DCB-E06A-4174-8F2A-2DFF1EC7F4BC}"
EndProject
Global
	GlobalSection(SolutionConfigurationPlatforms) = preSolution
		Debug|Any CPU = Debug|Any CPU
		Release|Any CPU = Release|Any CPU
	EndGlobalSection
	GlobalSection(ProjectConfigurationPlatforms) = postSolution
		{792D9DCB-E06A-4174-8F2A-2DFF1EC7F4BC}.Debug|Any CPU.ActiveCfg = Debug|Any CPU
		{792D9DCB-E06A-4174-8F2A-2DFF1EC7F4BC}.Debug|Any CPU.Build.0 = Debug|Any CPU
		{792D9DCB-E06A-4174-8F2A-2DFF1EC7F4BC}.Release|Any CPU.ActiveCfg = Release|Any CPU
		{792D9DCB-E06A-4174-8F2A-2DFF1EC7F4BC}.Release|Any CPU.Build.0 = Release|Any CPU
	EndGlobalSection
	GlobalSection(SolutionProperties) = preSolution
		HideSolutionNode = FALSE
	EndGlobalSection
	GlobalSection(ExtensibilityGlobals) = postSolution
		SolutionGuid = {4231EF2D-AC13-46FD-B364-D62926B6D078}
	EndGlobalSection
EndGlobal
